
Microsoft Visual Studio Solution File, Format Version 12.00
# Visual Studio Version 16
VisualStudioVersion = 16.0.31829.152
MinimumVisualStudioVersion = 10.0.40219.1
Project("{FAE04EC0-301F-11D3-BF4B-00C04F79EFBC}") = "Bilangan Prima", "Bilangan Prima\Bilangan Prima.csproj", "{2904D11E-BC2B-4051-B607-B5C48FD85287}"
EndProject
Global
	GlobalSection(SolutionConfigurationPlatforms) = preSolution
		Debug|Any CPU = Debug|Any CPU
		Release|Any CPU = Release|Any CPU
	EndGlobalSection
	GlobalSection(ProjectConfigurationPlatforms) = postSolution
		{2904D11E-BC2B-4051-B607-B5C48FD85287}.Debug|Any CPU.ActiveCfg = Debug|Any CPU
		{2904D11E-BC2B-4051-B607-B5C48FD85287}.Debug|Any CPU.Build.0 = Debug|Any CPU
		{2904D11E-BC2B-4051-B607-B5C48FD85287}.Release|Any CPU.ActiveCfg = Release|Any CPU
		{2904D11E-BC2B-4051-B607-B5C48FD85287}.Release|Any CPU.Build.0 = Release|Any CPU
	EndGlobalSection
	GlobalSection(SolutionProperties) = preSolution
		HideSolutionNode = FALSE
	EndGlobalSection
	GlobalSection(ExtensibilityGlobals) = postSolution
		SolutionGuid = {AB20E07E-A3DE-48F4-BC52-B76465198229}
	EndGlobalSection
EndGlobal
